
Microsoft Visual Studio Solution File, Format Version 12.00
# Visual Studio 2012
Project("{FAE04EC0-301F-11D3-BF4B-00C04F79EFBC}") = "ScorePredictor", "ScorePredictor.csproj", "{9158A3E1-8E0F-44C7-BCCC-8D5F708F215C}"
EndProject
Global
	GlobalSection(SolutionConfigurationPlatforms) = preSolution
		Debug|Any CPU = Debug|Any CPU
		Release|Any CPU = Release|Any CPU
	EndGlobalSection
	GlobalSection(ProjectConfigurationPlatforms) = postSolution
		{9158A3E1-8E0F-44C7-BCCC-8D5F708F215C}.Debug|Any CPU.ActiveCfg = Debug|Any CPU
		{9158A3E1-8E0F-44C7-BCCC-8D5F708F215C}.Debug|Any CPU.Build.0 = Debug|Any CPU
		{9158A3E1-8E0F-44C7-BCCC-8D5F708F215C}.Release|Any CPU.ActiveCfg = Release|Any CPU
		{9158A3E1-8E0F-44C7-BCCC-8D5F708F215C}.Release|Any CPU.Build.0 = Release|Any CPU
	EndGlobalSection
	GlobalSection(SolutionProperties) = preSolution
		HideSolutionNode = FALSE
	EndGlobalSection
EndGlobal
